
Microsoft Visual Studio Solution File, Format Version 12.00
# Visual Studio Version 17
VisualStudioVersion = 17.4.33213.308
MinimumVisualStudioVersion = 10.0.40219.1
Project("{9A19103F-16F7-4668-BE54-9A1E7A4F7556}") = "ConsoleApp1", "ConsoleApp1\ConsoleApp1.csproj", "{99CE4704-63B4-45EB-BCD8-7E5ACDD17CBE}"
EndProject
Project("{FAE04EC0-301F-11D3-BF4B-00C04F79EFBC}") = "Listener", "Listener\Listener.csproj", "{032BBE05-2F70-4597-9538-C8FFA46DCA24}"
EndProject
Global
	GlobalSection(SolutionConfigurationPlatforms) = preSolution
		Debug|Any CPU = Debug|Any CPU
		Release|Any CPU = Release|Any CPU
	EndGlobalSection
	GlobalSection(ProjectConfigurationPlatforms) = postSolution
		{99CE4704-63B4-45EB-BCD8-7E5ACDD17CBE}.Debug|Any CPU.ActiveCfg = Debug|Any CPU
		{99CE4704-63B4-45EB-BCD8-7E5ACDD17CBE}.Debug|Any CPU.Build.0 = Debug|Any CPU
		{99CE4704-63B4-45EB-BCD8-7E5ACDD17CBE}.Release|Any CPU.ActiveCfg = Release|Any CPU
		{99CE4704-63B4-45EB-BCD8-7E5ACDD17CBE}.Release|Any CPU.Build.0 = Release|Any CPU
		{032BBE05-2F70-4597-9538-C8FFA46DCA24}.Debug|Any CPU.ActiveCfg = Debug|Any CPU
		{032BBE05-2F70-4597-9538-C8FFA46DCA24}.Debug|Any CPU.Build.0 = Debug|Any CPU
		{032BBE05-2F70-4597-9538-C8FFA46DCA24}.Release|Any CPU.ActiveCfg = Release|Any CPU
		{032BBE05-2F70-4597-9538-C8FFA46DCA24}.Release|Any CPU.Build.0 = Release|Any CPU
	EndGlobalSection
	GlobalSection(SolutionProperties) = preSolution
		HideSolutionNode = FALSE
	EndGlobalSection
	GlobalSection(ExtensibilityGlobals) = postSolution
		SolutionGuid = {08CC2801-99E7-4403-9A75-E758EB0E5CD3}
	EndGlobalSection
EndGlobal
